
Microsoft Visual Studio Solution File, Format Version 12.00
# Visual Studio 15
VisualStudioVersion = 15.0.26228.9
MinimumVisualStudioVersion = 10.0.40219.1
Project("{D954291E-2A0B-460D-934E-DC6B0785DB48}") = "RegSvData", "RegSvData\RegSvData\RegSvData.shproj", "{DD515236-E326-4BBD-BFD7-B2F188E0D5CC}"
EndProject
Project("{FAE04EC0-301F-11D3-BF4B-00C04F79EFBC}") = "RegSvData.Android", "RegSvData\RegSvData.Android\RegSvData.Android.csproj", "{BBB8D73A-7B86-459C-A429-92D569AB321D}"
EndProject
Project("{FAE04EC0-301F-11D3-BF4B-00C04F79EFBC}") = "RegSvData.iOS", "RegSvData\RegSvData.iOS\RegSvData.iOS.csproj", "{35BE7230-302B-4E3D-BFB1-2278C81A32AF}"
EndProject
Project("{FAE04EC0-301F-11D3-BF4B-00C04F79EFBC}") = "RegSvData.UWP", "RegSvData\RegSvData.UWP\RegSvData.UWP.csproj", "{A5A3FEDE-F77B-4275-8B8F-DED281C65DC9}"
EndProject
Global
	GlobalSection(SharedMSBuildProjectFiles) = preSolution
		RegSvData\RegSvData\RegSvData.projitems*{35be7230-302b-4e3d-bfb1-2278c81a32af}*SharedItemsImports = 4
		RegSvData\RegSvData\RegSvData.projitems*{a5a3fede-f77b-4275-8b8f-ded281c65dc9}*SharedItemsImports = 4
		RegSvData\RegSvData\RegSvData.projitems*{bbb8d73a-7b86-459c-a429-92d569ab321d}*SharedItemsImports = 4
		RegSvData\RegSvData\RegSvData.projitems*{dd515236-e326-4bbd-bfd7-b2f188e0d5cc}*SharedItemsImports = 13
	EndGlobalSection
	GlobalSection(SolutionConfigurationPlatforms) = preSolution
		Ad-Hoc|Any CPU = Ad-Hoc|Any CPU
		Ad-Hoc|ARM = Ad-Hoc|ARM
		Ad-Hoc|iPhone = Ad-Hoc|iPhone
		Ad-Hoc|iPhoneSimulator = Ad-Hoc|iPhoneSimulator
		Ad-Hoc|x64 = Ad-Hoc|x64
		Ad-Hoc|x86 = Ad-Hoc|x86
		AppStore|Any CPU = AppStore|Any CPU
		AppStore|ARM = AppStore|ARM
		AppStore|iPhone = AppStore|iPhone
		AppStore|iPhoneSimulator = AppStore|iPhoneSimulator
		AppStore|x64 = AppStore|x64
		AppStore|x86 = AppStore|x86
		Debug|Any CPU = Debug|Any CPU
		Debug|ARM = Debug|ARM
		Debug|iPhone = Debug|iPhone
		Debug|iPhoneSimulator = Debug|iPhoneSimulator
		Debug|x64 = Debug|x64
		Debug|x86 = Debug|x86
		Release|Any CPU = Release|Any CPU
		Release|ARM = Release|ARM
		Release|iPhone = Release|iPhone
		Release|iPhoneSimulator = Release|iPhoneSimulator
		Release|x64 = Release|x64
		Release|x86 = Release|x86
	EndGlobalSection
	GlobalSection(ProjectConfigurationPlatforms) = postSolution
		{BBB8D73A-7B86-459C-A429-92D569AB321D}.Ad-Hoc|Any CPU.ActiveCfg = Release|Any CPU
		{BBB8D73A-7B86-459C-A429-92D569AB321D}.Ad-Hoc|Any CPU.Build.0 = Release|Any CPU
		{BBB8D73A-7B86-459C-A429-92D569AB321D}.Ad-Hoc|Any CPU.Deploy.0 = Release|Any CPU
		{BBB8D73A-7B86-459C-A429-92D569AB321D}.Ad-Hoc|ARM.ActiveCfg = Release|Any CPU
		{BBB8D73A-7B86-459C-A429-92D569AB321D}.Ad-Hoc|ARM.Build.0 = Release|Any CPU
		{BBB8D73A-7B86-459C-A429-92D569AB321D}.Ad-Hoc|ARM.Deploy.0 = Release|Any CPU
		{BBB8D73A-7B86-459C-A429-92D569AB321D}.Ad-Hoc|iPhone.ActiveCfg = Release|Any CPU
		{BBB8D73A-7B86-459C-A429-92D569AB321D}.Ad-Hoc|iPhone.Build.0 = Release|Any CPU
		{BBB8D73A-7B86-459C-A429-92D569AB321D}.Ad-Hoc|iPhone.Deploy.0 = Release|Any CPU
		{BBB8D73A-7B86-459C-A429-92D569AB321D}.Ad-Hoc|iPhoneSimulator.ActiveCfg = Release|Any CPU
		{BBB8D73A-7B86-459C-A429-92D569AB321D}.Ad-Hoc|iPhoneSimulator.Build.0 = Release|Any CPU
		{BBB8D73A-7B86-459C-A429-92D569AB321D}.Ad-Hoc|iPhoneSimulator.Deploy.0 = Release|Any CPU
		{BBB8D73A-7B86-459C-A429-92D569AB321D}.Ad-Hoc|x64.ActiveCfg = Release|Any CPU
		{BBB8D73A-7B86-459C-A429-92D569AB321D}.Ad-Hoc|x64.Build.0 = Release|Any CPU
		{BBB8D73A-7B86-459C-A429-92D569AB321D}.Ad-Hoc|x64.Deploy.0 = Release|Any CPU
		{BBB8D73A-7B86-459C-A429-92D569AB321D}.Ad-Hoc|x86.ActiveCfg = Release|Any CPU
		{BBB8D73A-7B86-459C-A429-92D569AB321D}.Ad-Hoc|x86.Build.0 = Release|Any CPU
		{BBB8D73A-7B86-459C-A429-92D569AB321D}.Ad-Hoc|x86.Deploy.0 = Release|Any CPU
		{BBB8D73A-7B86-459C-A429-92D569AB321D}.AppStore|Any CPU.ActiveCfg = Release|Any CPU
		{BBB8D73A-7B86-459C-A429-92D569AB321D}.AppStore|Any CPU.Build.0 = Release|Any CPU
		{BBB8D73A-7B86-459C-A429-92D569AB321D}.AppStore|Any CPU.Deploy.0 = Release|Any CPU
		{BBB8D73A-7B86-459C-A429-92D569AB321D}.AppStore|ARM.ActiveCfg = Release|Any CPU
		{BBB8D73A-7B86-459C-A429-92D569AB321D}.AppStore|ARM.Build.0 = Release|Any CPU
		{BBB8D73A-7B86-459C-A429-92D569AB321D}.AppStore|ARM.Deploy.0 = Release|Any CPU
		{BBB8D73A-7B86-459C-A429-92D569AB321D}.AppStore|iPhone.ActiveCfg = Release|Any CPU
		{BBB8D73A-7B86-459C-A429-92D569AB321D}.AppStore|iPhone.Build.0 = Release|Any CPU
		{BBB8D73A-7B86-459C-A429-92D569AB321D}.AppStore|iPhone.Deploy.0 = Release|Any CPU
		{BBB8D73A-7B86-459C-A429-92D569AB321D}.AppStore|iPhoneSimulator.ActiveCfg = Release|Any CPU
		{BBB8D73A-7B86-459C-A429-92D569AB321D}.AppStore|iPhoneSimulator.Build.0 = Release|Any CPU
		{BBB8D73A-7B86-459C-A429-92D569AB321D}.AppStore|iPhoneSimulator.Deploy.0 = Release|Any CPU
		{BBB8D73A-7B86-459C-A429-92D569AB321D}.AppStore|x64.ActiveCfg = Release|Any CPU
		{BBB8D73A-7B86-459C-A429-92D569AB321D}.AppStore|x64.Build.0 = Release|Any CPU
		{BBB8D73A-7B86-459C-A429-92D569AB321D}.AppStore|x64.Deploy.0 = Release|Any CPU
		{BBB8D73A-7B86-459C-A429-92D569AB321D}.AppStore|x86.ActiveCfg = Release|Any CPU
		{BBB8D73A-7B86-459C-A429-92D569AB321D}.AppStore|x86.Build.0 = Release|Any CPU
		{BBB8D73A-7B86-459C-A429-92D569AB321D}.AppStore|x86.Deploy.0 = Release|Any CPU
		{BBB8D73A-7B86-459C-A429-92D569AB321D}.Debug|Any CPU.ActiveCfg = Debug|Any CPU
		{BBB8D73A-7B86-459C-A429-92D569AB321D}.Debug|Any CPU.Build.0 = Debug|Any CPU
		{BBB8D73A-7B86-459C-A429-92D569AB321D}.Debug|Any CPU.Deploy.0 = Debug|Any CPU
		{BBB8D73A-7B86-459C-A429-92D569AB321D}.Debug|ARM.ActiveCfg = Debug|Any CPU
		{BBB8D73A-7B86-459C-A429-92D569AB321D}.Debug|ARM.Build.0 = Debug|Any CPU
		{BBB8D73A-7B86-459C-A429-92D569AB321D}.Debug|ARM.Deploy.0 = Debug|Any CPU
		{BBB8D73A-7B86-459C-A429-92D569AB321D}.Debug|iPhone.ActiveCfg = Debug|Any CPU
		{BBB8D73A-7B86-459C-A429-92D569AB321D}.Debug|iPhone.Build.0 = Debug|Any CPU
		{BBB8D73A-7B86-459C-A429-92D569AB321D}.Debug|iPhone.Deploy.0 = Debug|Any CPU
		{BBB8D73A-7B86-459C-A429-92D569AB321D}.Debug|iPhoneSimulator.ActiveCfg = Debug|Any CPU
		{BBB8D73A-7B86-459C-A429-92D569AB321D}.Debug|iPhoneSimulator.Build.0 = Debug|Any CPU
		{BBB8D73A-7B86-459C-A429-92D569AB321D}.Debug|iPhoneSimulator.Deploy.0 = Debug|Any CPU
		{BBB8D73A-7B86-459C-A429-92D569AB321D}.Debug|x64.ActiveCfg = Debug|Any CPU
		{BBB8D73A-7B86-459C-A429-92D569AB321D}.Debug|x64.Build.0 = Debug|Any CPU
		{BBB8D73A-7B86-459C-A429-92D569AB321D}.Debug|x64.Deploy.0 = Debug|Any CPU
		{BBB8D73A-7B86-459C-A429-92D569AB321D}.Debug|x86.ActiveCfg = Debug|Any CPU
		{BBB8D73A-7B86-459C-A429-92D569AB321D}.Debug|x86.Build.0 = Debug|Any CPU
		{BBB8D73A-7B86-459C-A429-92D569AB321D}.Debug|x86.Deploy.0 = Debug|Any CPU
		{BBB8D73A-7B86-459C-A429-92D569AB321D}.Release|Any CPU.ActiveCfg = Release|Any CPU
		{BBB8D73A-7B86-459C-A429-92D569AB321D}.Release|ARM.ActiveCfg = Release|x86
		{BBB8D73A-7B86-459C-A429-92D569AB321D}.Release|ARM.Build.0 = Release|x86
		{BBB8D73A-7B86-459C-A429-92D569AB321D}.Release|ARM.Deploy.0 = Release|x86
		{BBB8D73A-7B86-459C-A429-92D569AB321D}.Release|iPhone.ActiveCfg = Release|Any CPU
		{BBB8D73A-7B86-459C-A429-92D569AB321D}.Release|iPhoneSimulator.ActiveCfg = Release|Any CPU
		{BBB8D73A-7B86-459C-A429-92D569AB321D}.Release|x64.ActiveCfg = Release|x86
		{BBB8D73A-7B86-459C-A429-92D569AB321D}.Release|x64.Build.0 = Release|x86
		{BBB8D73A-7B86-459C-A429-92D569AB321D}.Release|x64.Deploy.0 = Release|x86
		{BBB8D73A-7B86-459C-A429-92D569AB321D}.Release|x86.ActiveCfg = Release|x86
		{BBB8D73A-7B86-459C-A429-92D569AB321D}.Release|x86.Build.0 = Release|x86
		{BBB8D73A-7B86-459C-A429-92D569AB321D}.Release|x86.Deploy.0 = Release|x86
		{35BE7230-302B-4E3D-BFB1-2278C81A32AF}.Ad-Hoc|Any CPU.ActiveCfg = Ad-Hoc|iPhone
		{35BE7230-302B-4E3D-BFB1-2278C81A32AF}.Ad-Hoc|ARM.ActiveCfg = Ad-Hoc|iPhone
		{35BE7230-302B-4E3D-BFB1-2278C81A32AF}.Ad-Hoc|iPhone.ActiveCfg = Ad-Hoc|iPhone
		{35BE7230-302B-4E3D-BFB1-2278C81A32AF}.Ad-Hoc|iPhone.Build.0 = Ad-Hoc|iPhone
		{35BE7230-302B-4E3D-BFB1-2278C81A32AF}.Ad-Hoc|iPhoneSimulator.ActiveCfg = Ad-Hoc|iPhoneSimulator
		{35BE7230-302B-4E3D-BFB1-2278C81A32AF}.Ad-Hoc|iPhoneSimulator.Build.0 = Ad-Hoc|iPhoneSimulator
		{35BE7230-302B-4E3D-BFB1-2278C81A32AF}.Ad-Hoc|x64.ActiveCfg = Ad-Hoc|iPhone
		{35BE7230-302B-4E3D-BFB1-2278C81A32AF}.Ad-Hoc|x86.ActiveCfg = Ad-Hoc|iPhone
		{35BE7230-302B-4E3D-BFB1-2278C81A32AF}.AppStore|Any CPU.ActiveCfg = AppStore|iPhone
		{35BE7230-302B-4E3D-BFB1-2278C81A32AF}.AppStore|ARM.ActiveCfg = AppStore|iPhone
		{35BE7230-302B-4E3D-BFB1-2278C81A32AF}.AppStore|iPhone.ActiveCfg = AppStore|iPhone
		{35BE7230-302B-4E3D-BFB1-2278C81A32AF}.AppStore|iPhone.Build.0 = AppStore|iPhone
		{35BE7230-302B-4E3D-BFB1-2278C81A32AF}.AppStore|iPhoneSimulator.ActiveCfg = AppStore|iPhoneSimulator
		{35BE7230-302B-4E3D-BFB1-2278C81A32AF}.AppStore|iPhoneSimulator.Build.0 = AppStore|iPhoneSimulator
		{35BE7230-302B-4E3D-BFB1-2278C81A32AF}.AppStore|x64.ActiveCfg = AppStore|iPhone
		{35BE7230-302B-4E3D-BFB1-2278C81A32AF}.AppStore|x86.ActiveCfg = AppStore|iPhone
		{35BE7230-302B-4E3D-BFB1-2278C81A32AF}.Debug|Any CPU.ActiveCfg = Debug|iPhone
		{35BE7230-302B-4E3D-BFB1-2278C81A32AF}.Debug|ARM.ActiveCfg = Debug|iPhone
		{35BE7230-302B-4E3D-BFB1-2278C81A32AF}.Debug|iPhone.ActiveCfg = Debug|iPhone
		{35BE7230-302B-4E3D-BFB1-2278C81A32AF}.Debug|iPhone.Build.0 = Debug|iPhone
		{35BE7230-302B-4E3D-BFB1-2278C81A32AF}.Debug|iPhoneSimulator.ActiveCfg = Debug|iPhoneSimulator
		{35BE7230-302B-4E3D-BFB1-2278C81A32AF}.Debug|iPhoneSimulator.Build.0 = Debug|iPhoneSimulator
		{35BE7230-302B-4E3D-BFB1-2278C81A32AF}.Debug|x64.ActiveCfg = Debug|iPhone
		{35BE7230-302B-4E3D-BFB1-2278C81A32AF}.Debug|x86.ActiveCfg = Debug|iPhone
		{35BE7230-302B-4E3D-BFB1-2278C81A32AF}.Release|Any CPU.ActiveCfg = Release|iPhone
		{35BE7230-302B-4E3D-BFB1-2278C81A32AF}.Release|Any CPU.Build.0 = Release|iPhone
		{35BE7230-302B-4E3D-BFB1-2278C81A32AF}.Release|ARM.ActiveCfg = Release|iPhone
		{35BE7230-302B-4E3D-BFB1-2278C81A32AF}.Release|iPhone.ActiveCfg = Release|iPhone
		{35BE7230-302B-4E3D-BFB1-2278C81A32AF}.Release|iPhone.Build.0 = Release|iPhone
		{35BE7230-302B-4E3D-BFB1-2278C81A32AF}.Release|iPhoneSimulator.ActiveCfg = Release|iPhoneSimulator
		{35BE7230-302B-4E3D-BFB1-2278C81A32AF}.Release|iPhoneSimulator.Build.0 = Release|iPhoneSimulator
		{35BE7230-302B-4E3D-BFB1-2278C81A32AF}.Release|x64.ActiveCfg = Release|iPhone
		{35BE7230-302B-4E3D-BFB1-2278C81A32AF}.Release|x86.ActiveCfg = Release|iPhone
		{A5A3FEDE-F77B-4275-8B8F-DED281C65DC9}.Ad-Hoc|Any CPU.ActiveCfg = Release|x86
		{A5A3FEDE-F77B-4275-8B8F-DED281C65DC9}.Ad-Hoc|Any CPU.Build.0 = Release|x86
		{A5A3FEDE-F77B-4275-8B8F-DED281C65DC9}.Ad-Hoc|Any CPU.Deploy.0 = Release|x86
		{A5A3FEDE-F77B-4275-8B8F-DED281C65DC9}.Ad-Hoc|ARM.ActiveCfg = Release|ARM
		{A5A3FEDE-F77B-4275-8B8F-DED281C65DC9}.Ad-Hoc|ARM.Build.0 = Release|ARM
		{A5A3FEDE-F77B-4275-8B8F-DED281C65DC9}.Ad-Hoc|ARM.Deploy.0 = Release|ARM
		{A5A3FEDE-F77B-4275-8B8F-DED281C65DC9}.Ad-Hoc|iPhone.ActiveCfg = Release|x86
		{A5A3FEDE-F77B-4275-8B8F-DED281C65DC9}.Ad-Hoc|iPhone.Build.0 = Release|x86
		{A5A3FEDE-F77B-4275-8B8F-DED281C65DC9}.Ad-Hoc|iPhone.Deploy.0 = Release|x86
		{A5A3FEDE-F77B-4275-8B8F-DED281C65DC9}.Ad-Hoc|iPhoneSimulator.ActiveCfg = Release|x86
		{A5A3FEDE-F77B-4275-8B8F-DED281C65DC9}.Ad-Hoc|iPhoneSimulator.Build.0 = Release|x86
		{A5A3FEDE-F77B-4275-8B8F-DED281C65DC9}.Ad-Hoc|iPhoneSimulator.Deploy.0 = Release|x86
		{A5A3FEDE-F77B-4275-8B8F-DED281C65DC9}.Ad-Hoc|x64.ActiveCfg = Release|x64
		{A5A3FEDE-F77B-4275-8B8F-DED281C65DC9}.Ad-Hoc|x64.Build.0 = Release|x64
		{A5A3FEDE-F77B-4275-8B8F-DED281C65DC9}.Ad-Hoc|x64.Deploy.0 = Release|x64
		{A5A3FEDE-F77B-4275-8B8F-DED281C65DC9}.Ad-Hoc|x86.ActiveCfg = Release|x86
		{A5A3FEDE-F77B-4275-8B8F-DED281C65DC9}.Ad-Hoc|x86.Build.0 = Release|x86
		{A5A3FEDE-F77B-4275-8B8F-DED281C65DC9}.Ad-Hoc|x86.Deploy.0 = Release|x86
		{A5A3FEDE-F77B-4275-8B8F-DED281C65DC9}.AppStore|Any CPU.ActiveCfg = Release|x86
		{A5A3FEDE-F77B-4275-8B8F-DED281C65DC9}.AppStore|Any CPU.Build.0 = Release|x86
		{A5A3FEDE-F77B-4275-8B8F-DED281C65DC9}.AppStore|Any CPU.Deploy.0 = Release|x86
		{A5A3FEDE-F77B-4275-8B8F-DED281C65DC9}.AppStore|ARM.ActiveCfg = Release|ARM
		{A5A3FEDE-F77B-4275-8B8F-DED281C65DC9}.AppStore|ARM.Build.0 = Release|ARM
		{A5A3FEDE-F77B-4275-8B8F-DED281C65DC9}.AppStore|ARM.Deploy.0 = Release|ARM
		{A5A3FEDE-F77B-4275-8B8F-DED281C65DC9}.AppStore|iPhone.ActiveCfg = Release|x86
		{A5A3FEDE-F77B-4275-8B8F-DED281C65DC9}.AppStore|iPhone.Build.0 = Release|x86
		{A5A3FEDE-F77B-4275-8B8F-DED281C65DC9}.AppStore|iPhone.Deploy.0 = Release|x86
		{A5A3FEDE-F77B-4275-8B8F-DED281C65DC9}.AppStore|iPhoneSimulator.ActiveCfg = Release|x86
		{A5A3FEDE-F77B-4275-8B8F-DED281C65DC9}.AppStore|iPhoneSimulator.Build.0 = Release|x86
		{A5A3FEDE-F77B-4275-8B8F-DED281C65DC9}.AppStore|iPhoneSimulator.Deploy.0 = Release|x86
		{A5A3FEDE-F77B-4275-8B8F-DED281C65DC9}.AppStore|x64.ActiveCfg = Release|x64
		{A5A3FEDE-F77B-4275-8B8F-DED281C65DC9}.AppStore|x64.Build.0 = Release|x64
		{A5A3FEDE-F77B-4275-8B8F-DED281C65DC9}.AppStore|x64.Deploy.0 = Release|x64
		{A5A3FEDE-F77B-4275-8B8F-DED281C65DC9}.AppStore|x86.ActiveCfg = Release|x86
		{A5A3FEDE-F77B-4275-8B8F-DED281C65DC9}.AppStore|x86.Build.0 = Release|x86
		{A5A3FEDE-F77B-4275-8B8F-DED281C65DC9}.AppStore|x86.Deploy.0 = Release|x86
		{A5A3FEDE-F77B-4275-8B8F-DED281C65DC9}.Debug|Any CPU.ActiveCfg = Debug|x86
		{A5A3FEDE-F77B-4275-8B8F-DED281C65DC9}.Debug|ARM.ActiveCfg = Debug|ARM
		{A5A3FEDE-F77B-4275-8B8F-DED281C65DC9}.Debug|ARM.Build.0 = Debug|ARM
		{A5A3FEDE-F77B-4275-8B8F-DED281C65DC9}.Debug|ARM.Deploy.0 = Debug|ARM
		{A5A3FEDE-F77B-4275-8B8F-DED281C65DC9}.Debug|iPhone.ActiveCfg = Debug|x86
		{A5A3FEDE-F77B-4275-8B8F-DED281C65DC9}.Debug|iPhoneSimulator.ActiveCfg = Debug|x86
		{A5A3FEDE-F77B-4275-8B8F-DED281C65DC9}.Debug|x64.ActiveCfg = Debug|x64
		{A5A3FEDE-F77B-4275-8B8F-DED281C65DC9}.Debug|x64.Build.0 = Debug|x64
		{A5A3FEDE-F77B-4275-8B8F-DED281C65DC9}.Debug|x64.Deploy.0 = Debug|x64
		{A5A3FEDE-F77B-4275-8B8F-DED281C65DC9}.Debug|x86.ActiveCfg = Debug|x86
		{A5A3FEDE-F77B-4275-8B8F-DED281C65DC9}.Debug|x86.Build.0 = Debug|x86
		{A5A3FEDE-F77B-4275-8B8F-DED281C65DC9}.Debug|x86.Deploy.0 = Debug|x86
		{A5A3FEDE-F77B-4275-8B8F-DED281C65DC9}.Release|Any CPU.ActiveCfg = Release|ARM
		{A5A3FEDE-F77B-4275-8B8F-DED281C65DC9}.Release|ARM.ActiveCfg = Release|ARM
		{A5A3FEDE-F77B-4275-8B8F-DED281C65DC9}.Release|iPhone.ActiveCfg = Release|x86
		{A5A3FEDE-F77B-4275-8B8F-DED281C65DC9}.Release|iPhoneSimulator.ActiveCfg = Release|x86
		{A5A3FEDE-F77B-4275-8B8F-DED281C65DC9}.Release|x64.ActiveCfg = Release|x64
		{A5A3FEDE-F77B-4275-8B8F-DED281C65DC9}.Release|x86.ActiveCfg = Release|x86
	EndGlobalSection
	GlobalSection(SolutionProperties) = preSolution
		HideSolutionNode = FALSE
	EndGlobalSection
EndGlobal
